// !$*UTF8*$!
{
	archiveVersion = 1;
	classes = {
	};
	objectVersion = 77;
	objects = {

/* Begin PBXBuildFile section */
		24D9AA0C579F37A4CEBB1F20 /* AppDelegate.swift in Sources */ = {isa = PBXBuildFile; fileRef = A945536E2EBB3CB8F76AB3EA /* AppDelegate.swift */; };
		2F9767278F8ED55525C2ABCA /* Assets.xcassets in Resources */ = {isa = PBXBuildFile; fileRef = BFD6C9590289A18E054BB607 /* Assets.xcassets */; };
		C3241458D607553703D87663 /* ShelfView.swift in Sources */ = {isa = PBXBuildFile; fileRef = A66DAA78486BC694B2CD8A9A /* ShelfView.swift */; };
		C99AB3886BBE7AA6924AEA11 /* main.swift in Sources */ = {isa = PBXBuildFile; fileRef = EE01193F2D17EE6A383A451D /* main.swift */; };
		D59FDF64EF21DD456B3E7986 /* ShelfWindow.swift in Sources */ = {isa = PBXBuildFile; fileRef = DA77680D480FB42C2087D8F8 /* ShelfWindow.swift */; };
/* End PBXBuildFile section */

/* Begin PBXFileReference section */
		9FC58B2661A8C8AFA712CF86 /* FileShelf.app */ = {isa = PBXFileReference; explicitFileType = wrapper.application; includeInIndex = 0; path = FileShelf.app; sourceTree = BUILT_PRODUCTS_DIR; };
		A66DAA78486BC694B2CD8A9A /* ShelfView.swift */ = {isa = PBXFileReference; lastKnownFileType = sourcecode.swift; path = ShelfView.swift; sourceTree = "<group>"; };
		A945536E2EBB3CB8F76AB3EA /* AppDelegate.swift */ = {isa = PBXFileReference; lastKnownFileType = sourcecode.swift; path = AppDelegate.swift; sourceTree = "<group>"; };
		BFD6C9590289A18E054BB607 /* Assets.xcassets */ = {isa = PBXFileReference; lastKnownFileType = folder.assetcatalog; path = Assets.xcassets; sourceTree = "<group>"; };
		DA77680D480FB42C2087D8F8 /* ShelfWindow.swift */ = {isa = PBXFileReference; lastKnownFileType = sourcecode.swift; path = ShelfWindow.swift; sourceTree = "<group>"; };
		EE01193F2D17EE6A383A451D /* main.swift */ = {isa = PBXFileReference; lastKnownFileType = sourcecode.swift; path = main.swift; sourceTree = "<group>"; };
/* End PBXFileReference section */

/* Begin PBXGroup section */
		1C60A07E05C9D505FC075E75 /* FileShelf */ = {
			isa = PBXGroup;
			children = (
				A945536E2EBB3CB8F76AB3EA /* AppDelegate.swift */,
				BFD6C9590289A18E054BB607 /* Assets.xcassets */,
				EE01193F2D17EE6A383A451D /* main.swift */,
				A66DAA78486BC694B2CD8A9A /* ShelfView.swift */,
				DA77680D480FB42C2087D8F8 /* ShelfWindow.swift */,
			);
			name = FileShelf;
			path = Sources/FileShelf;
			sourceTree = "<group>";
		};
		3663386E5D8F6CC0F6C5183B = {
			isa = PBXGroup;
			children = (
				1C60A07E05C9D505FC075E75 /* FileShelf */,
				628657355E5890591E0B8A93 /* Products */,
			);
			sourceTree = "<group>";
		};
		628657355E5890591E0B8A93 /* Products */ = {
			isa = PBXGroup;
			children = (
				9FC58B2661A8C8AFA712CF86 /* FileShelf.app */,
			);
			name = Products;
			sourceTree = "<group>";
		};
/* End PBXGroup section */

/* Begin PBXNativeTarget section */
		6A409362C98C46C2F571B793 /* FileShelf */ = {
			isa = PBXNativeTarget;
			buildConfigurationList = D2A25AD55EA41497FC095793 /* Build configuration list for PBXNativeTarget "FileShelf" */;
			buildPhases = (
				D512F87864D3710E29DB20E1 /* Sources */,
				1F6A07D22EF7E38F6205DB84 /* Resources */,
			);
			buildRules = (
			);
			dependencies = (
			);
			name = FileShelf;
			packageProductDependencies = (
			);
			productName = FileShelf;
			productReference = 9FC58B2661A8C8AFA712CF86 /* FileShelf.app */;
			productType = "com.apple.product-type.application";
		};
/* End PBXNativeTarget section */

/* Begin PBXProject section */
		5EB383154474198FBAB429A7 /* Project object */ = {
			isa = PBXProject;
			attributes = {
				BuildIndependentTargetsInParallel = YES;
				LastUpgradeCheck = 1600;
				TargetAttributes = {
					6A409362C98C46C2F571B793 = {
						ProvisioningStyle = Automatic;
					};
				};
			};
			buildConfigurationList = 96984838CE38E6365DA38C98 /* Build configuration list for PBXProject "FileShelf" */;
			developmentRegion = en;
			hasScannedForEncodings = 0;
			knownRegions = (
				Base,
				en,
			);
			mainGroup = 3663386E5D8F6CC0F6C5183B;
			minimizedProjectReferenceProxies = 1;
			preferredProjectObjectVersion = 77;
			productRefGroup = 628657355E5890591E0B8A93 /* Products */;
			projectDirPath = "";
			projectRoot = "";
			targets = (
				6A409362C98C46C2F571B793 /* FileShelf */,
			);
		};
/* End PBXProject section */

/* Begin PBXResourcesBuildPhase section */
		1F6A07D22EF7E38F6205DB84 /* Resources */ = {
			isa = PBXResourcesBuildPhase;
			buildActionMask = 2147483647;
			files = (
				2F9767278F8ED55525C2ABCA /* Assets.xcassets in Resources */,
			);
			runOnlyForDeploymentPostprocessing = 0;
		};
/* End PBXResourcesBuildPhase section */

/* Begin PBXSourcesBuildPhase section */
		D512F87864D3710E29DB20E1 /* Sources */ = {
			isa = PBXSourcesBuildPhase;
			buildActionMask = 2147483647;
			files = (
				24D9AA0C579F37A4CEBB1F20 /* AppDelegate.swift in Sources */,
				C3241458D607553703D87663 /* ShelfView.swift in Sources */,
				D59FDF64EF21DD456B3E7986 /* ShelfWindow.swift in Sources */,
				C99AB3886BBE7AA6924AEA11 /* main.swift in Sources */,
			);
			runOnlyForDeploymentPostprocessing = 0;
		};
/* End PBXSourcesBuildPhase section */

/* Begin XCBuildConfiguration section */
		250FE4DBA00576395AD68203 /* Release */ = {
			isa = XCBuildConfiguration;
			buildSettings = {
				ALWAYS_SEARCH_USER_PATHS = NO;
				CLANG_ANALYZER_NONNULL = YES;
				CLANG_ANALYZER_NUMBER_OBJECT_CONVERSION = YES_AGGRESSIVE;
				CLANG_CXX_LANGUAGE_STANDARD = "gnu++14";
				CLANG_CXX_LIBRARY = "libc++";
				CLANG_ENABLE_MODULES = YES;
				CLANG_ENABLE_OBJC_ARC = YES;
				CLANG_ENABLE_OBJC_WEAK = YES;
				CLANG_WARN_BLOCK_CAPTURE_AUTORELEASING = YES;
				CLANG_WARN_BOOL_CONVERSION = YES;
				CLANG_WARN_COMMA = YES;
				CLANG_WARN_CONSTANT_CONVERSION = YES;
				CLANG_WARN_DEPRECATED_OBJC_IMPLEMENTATIONS = YES;
				CLANG_WARN_DIRECT_OBJC_ISA_USAGE = YES_ERROR;
				CLANG_WARN_DOCUMENTATION_COMMENTS = YES;
				CLANG_WARN_EMPTY_BODY = YES;
				CLANG_WARN_ENUM_CONVERSION = YES;
				CLANG_WARN_INFINITE_RECURSION = YES;
				CLANG_WARN_INT_CONVERSION = YES;
				CLANG_WARN_NON_LITERAL_NULL_CONVERSION = YES;
				CLANG_WARN_OBJC_IMPLICIT_RETAIN_SELF = YES;
				CLANG_WARN_OBJC_LITERAL_CONVERSION = YES;
				CLANG_WARN_OBJC_ROOT_CLASS = YES_ERROR;
				CLANG_WARN_QUOTED_INCLUDE_IN_FRAMEWORK_HEADER = YES;
				CLANG_WARN_RANGE_LOOP_ANALYSIS = YES;
				CLANG_WARN_STRICT_PROTOTYPES = YES;
				CLANG_WARN_SUSPICIOUS_MOVE = YES;
				CLANG_WARN_UNGUARDED_AVAILABILITY = YES_AGGRESSIVE;
				CLANG_WARN_UNREACHABLE_CODE = YES;
				CLANG_WARN__DUPLICATE_METHOD_MATCH = YES;
				COPY_PHASE_STRIP = NO;
				DEBUG_INFORMATION_FORMAT = "dwarf-with-dsym";
				ENABLE_NS_ASSERTIONS = NO;
				ENABLE_STRICT_OBJC_MSGSEND = YES;
				GCC_C_LANGUAGE_STANDARD = gnu11;
				GCC_NO_COMMON_BLOCKS = YES;
				GCC_WARN_64_TO_32_BIT_CONVERSION = YES;
				GCC_WARN_ABOUT_RETURN_TYPE = YES_ERROR;
				GCC_WARN_UNDECLARED_SELECTOR = YES;
				GCC_WARN_UNINITIALIZED_AUTOS = YES_AGGRESSIVE;
				GCC_WARN_UNUSED_FUNCTION = YES;
				GCC_WARN_UNUSED_VARIABLE = YES;
				MACOSX_DEPLOYMENT_TARGET = 13.0;
				MTL_ENABLE_DEBUG_INFO = NO;
				MTL_FAST_MATH = YES;
				PRODUCT_NAME = "$(TARGET_NAME)";
				SDKROOT = macosx;
				SWIFT_COMPILATION_MODE = wholemodule;
				SWIFT_OPTIMIZATION_LEVEL = "-O";
				SWIFT_VERSION = 5.9;
			};
			name = Release;
		};
		5C1E0AACF8B23070B78388D2 /* Debug */ = {
			isa = XCBuildConfiguration;
			buildSettings = {
				ASSETCATALOG_COMPILER_APPICON_NAME = AppIcon;
				CODE_SIGN_STYLE = Automatic;
				COMBINE_HIDPI_IMAGES = YES;
				ENABLE_DEBUG_DYLIB = YES;
				GENERATE_INFOPLIST_FILE = NO;
				INFOPLIST_FILE = Sources/FileShelf/Info.plist;
				LD_RUNPATH_SEARCH_PATHS = "$(inherited) @executable_path/../Frameworks";
				OTHER_LDFLAGS = (
					"-framework",
					ServiceManagement,
					"-framework",
					Carbon,
				);
				PRODUCT_BUNDLE_IDENTIFIER = com.fileshelf.app;
				PRODUCT_NAME = FileShelf;
				SDKROOT = macosx;
			};
			name = Debug;
		};
		7466756B884DD2CA5F24743E /* Release */ = {
			isa = XCBuildConfiguration;
			buildSettings = {
				ASSETCATALOG_COMPILER_APPICON_NAME = AppIcon;
				CODE_SIGN_STYLE = Automatic;
				COMBINE_HIDPI_IMAGES = YES;
				ENABLE_DEBUG_DYLIB = YES;
				GENERATE_INFOPLIST_FILE = NO;
				INFOPLIST_FILE = Sources/FileShelf/Info.plist;
				LD_RUNPATH_SEARCH_PATHS = "$(inherited) @executable_path/../Frameworks";
				OTHER_LDFLAGS = (
					"-framework",
					ServiceManagement,
					"-framework",
					Carbon,
				);
				PRODUCT_BUNDLE_IDENTIFIER = com.fileshelf.app;
				PRODUCT_NAME = FileShelf;
				SDKROOT = macosx;
			};
			name = Release;
		};
		DBC04959D005A65494EAF16A /* Debug */ = {
			isa = XCBuildConfiguration;
			buildSettings = {
				ALWAYS_SEARCH_USER_PATHS = NO;
				CLANG_ANALYZER_NONNULL = YES;
				CLANG_ANALYZER_NUMBER_OBJECT_CONVERSION = YES_AGGRESSIVE;
				CLANG_CXX_LANGUAGE_STANDARD = "gnu++14";
				CLANG_CXX_LIBRARY = "libc++";
				CLANG_ENABLE_MODULES = YES;
				CLANG_ENABLE_OBJC_ARC = YES;
				CLANG_ENABLE_OBJC_WEAK = YES;
				CLANG_WARN_BLOCK_CAPTURE_AUTORELEASING = YES;
				CLANG_WARN_BOOL_CONVERSION = YES;
				CLANG_WARN_COMMA = YES;
				CLANG_WARN_CONSTANT_CONVERSION = YES;
				CLANG_WARN_DEPRECATED_OBJC_IMPLEMENTATIONS = YES;
				CLANG_WARN_DIRECT_OBJC_ISA_USAGE = YES_ERROR;
				CLANG_WARN_DOCUMENTATION_COMMENTS = YES;
				CLANG_WARN_EMPTY_BODY = YES;
				CLANG_WARN_ENUM_CONVERSION = YES;
				CLANG_WARN_INFINITE_RECURSION = YES;
				CLANG_WARN_INT_CONVERSION = YES;
				CLANG_WARN_NON_LITERAL_NULL_CONVERSION = YES;
				CLANG_WARN_OBJC_IMPLICIT_RETAIN_SELF = YES;
				CLANG_WARN_OBJC_LITERAL_CONVERSION = YES;
				CLANG_WARN_OBJC_ROOT_CLASS = YES_ERROR;
				CLANG_WARN_QUOTED_INCLUDE_IN_FRAMEWORK_HEADER = YES;
				CLANG_WARN_RANGE_LOOP_ANALYSIS = YES;
				CLANG_WARN_STRICT_PROTOTYPES = YES;
				CLANG_WARN_SUSPICIOUS_MOVE = YES;
				CLANG_WARN_UNGUARDED_AVAILABILITY = YES_AGGRESSIVE;
				CLANG_WARN_UNREACHABLE_CODE = YES;
				CLANG_WARN__DUPLICATE_METHOD_MATCH = YES;
				COPY_PHASE_STRIP = NO;
				DEBUG_INFORMATION_FORMAT = dwarf;
				ENABLE_STRICT_OBJC_MSGSEND = YES;
				ENABLE_TESTABILITY = YES;
				GCC_C_LANGUAGE_STANDARD = gnu11;
				GCC_DYNAMIC_NO_PIC = NO;
				GCC_NO_COMMON_BLOCKS = YES;
				GCC_OPTIMIZATION_LEVEL = 0;
				GCC_PREPROCESSOR_DEFINITIONS = (
					"$(inherited)",
					"DEBUG=1",
				);
				GCC_WARN_64_TO_32_BIT_CONVERSION = YES;
				GCC_WARN_ABOUT_RETURN_TYPE = YES_ERROR;
				GCC_WARN_UNDECLARED_SELECTOR = YES;
				GCC_WARN_UNINITIALIZED_AUTOS = YES_AGGRESSIVE;
				GCC_WARN_UNUSED_FUNCTION = YES;
				GCC_WARN_UNUSED_VARIABLE = YES;
				MACOSX_DEPLOYMENT_TARGET = 13.0;
				MTL_ENABLE_DEBUG_INFO = INCLUDE_SOURCE;
				MTL_FAST_MATH = YES;
				ONLY_ACTIVE_ARCH = YES;
				PRODUCT_NAME = "$(TARGET_NAME)";
				SDKROOT = macosx;
				SWIFT_ACTIVE_COMPILATION_CONDITIONS = DEBUG;
				SWIFT_OPTIMIZATION_LEVEL = "-Onone";
				SWIFT_VERSION = 5.9;
			};
			name = Debug;
		};
/* End XCBuildConfiguration section */

/* Begin XCConfigurationList section */
		96984838CE38E6365DA38C98 /* Build configuration list for PBXProject "FileShelf" */ = {
			isa = XCConfigurationList;
			buildConfigurations = (
				DBC04959D005A65494EAF16A /* Debug */,
				250FE4DBA00576395AD68203 /* Release */,
			);
			defaultConfigurationIsVisible = 0;
			defaultConfigurationName = Debug;
		};
		D2A25AD55EA41497FC095793 /* Build configuration list for PBXNativeTarget "FileShelf" */ = {
			isa = XCConfigurationList;
			buildConfigurations = (
				5C1E0AACF8B23070B78388D2 /* Debug */,
				7466756B884DD2CA5F24743E /* Release */,
			);
			defaultConfigurationIsVisible = 0;
			defaultConfigurationName = Debug;
		};
/* End XCConfigurationList section */
	};
	rootObject = 5EB383154474198FBAB429A7 /* Project object */;
}
